# This file is automatically @generated by Cargo.
# It is not intended for manual editing.
version = 4

[[package]]
name = "retroshield-z80-workbench"
version = "0.1.1"
source = "registry+https://github.com/rust-lang/crates.io-index"
checksum = "b76169814f9f0d338b4997a248c4ce1a470d6e0c44eb1c67fb5140ab5b35bae8"

[[package]]
name = "unbricked"
version = "0.1.0"
dependencies = [
 "retroshield-z80-workbench",
]
